
Microsoft Visual Studio Solution File, Format Version 12.00
# Visual Studio 14
VisualStudioVersion = 14.0.25420.1
MinimumVisualStudioVersion = 10.0.40219.1
Project("{FAE04EC0-301F-11D3-BF4B-00C04F79EFBC}") = "Administracion", "Administracion\Administracion.csproj", "{0A4C07B9-8787-4E4C-AB3D-E42C620C3D57}"
EndProject
Project("{FAE04EC0-301F-11D3-BF4B-00C04F79EFBC}") = "Administracion.Dto", "Administracion.Dto\Administracion.Dto.csproj", "{CB83E765-8500-4FB2-8004-578DF5C40325}"
EndProject
Project("{FAE04EC0-301F-11D3-BF4B-00C04F79EFBC}") = "Administracion.Services", "Administracion.Services\Administracion.Services.csproj", "{E651929C-1FC9-4855-964E-24D2CDEA34FF}"
EndProject
Project("{FAE04EC0-301F-11D3-BF4B-00C04F79EFBC}") = "Administracion.Integration", "Administracion.Integration\Administracion.Integration.csproj", "{E799A22E-57CE-4877-8573-D0CBB2C45546}"
EndProject
Project("{FAE04EC0-301F-11D3-BF4B-00C04F79EFBC}") = "Administracion.Library", "Administracion.Library\Administracion.Library.csproj", "{722B77D9-2F03-4F6D-A59A-85008B42F42F}"
EndProject
Project("{FAE04EC0-301F-11D3-BF4B-00C04F79EFBC}") = "Administracion.DomainModel", "Administracion.DomainModel\Administracion.DomainModel.csproj", "{2CD184C9-85EE-4BA6-BF93-D02A29C73E9D}"
EndProject
Global
	GlobalSection(SolutionConfigurationPlatforms) = preSolution
		Debug|Any CPU = Debug|Any CPU
		Release|Any CPU = Release|Any CPU
	EndGlobalSection
	GlobalSection(ProjectConfigurationPlatforms) = postSolution
		{0A4C07B9-8787-4E4C-AB3D-E42C620C3D57}.Debug|Any CPU.ActiveCfg = Debug|Any CPU
		{0A4C07B9-8787-4E4C-AB3D-E42C620C3D57}.Debug|Any CPU.Build.0 = Debug|Any CPU
		{0A4C07B9-8787-4E4C-AB3D-E42C620C3D57}.Release|Any CPU.ActiveCfg = Release|Any CPU
		{0A4C07B9-8787-4E4C-AB3D-E42C620C3D57}.Release|Any CPU.Build.0 = Release|Any CPU
		{CB83E765-8500-4FB2-8004-578DF5C40325}.Debug|Any CPU.ActiveCfg = Debug|Any CPU
		{CB83E765-8500-4FB2-8004-578DF5C40325}.Debug|Any CPU.Build.0 = Debug|Any CPU
		{CB83E765-8500-4FB2-8004-578DF5C40325}.Release|Any CPU.ActiveCfg = Release|Any CPU
		{CB83E765-8500-4FB2-8004-578DF5C40325}.Release|Any CPU.Build.0 = Release|Any CPU
		{E651929C-1FC9-4855-964E-24D2CDEA34FF}.Debug|Any CPU.ActiveCfg = Debug|Any CPU
		{E651929C-1FC9-4855-964E-24D2CDEA34FF}.Debug|Any CPU.Build.0 = Debug|Any CPU
		{E651929C-1FC9-4855-964E-24D2CDEA34FF}.Release|Any CPU.ActiveCfg = Release|Any CPU
		{E651929C-1FC9-4855-964E-24D2CDEA34FF}.Release|Any CPU.Build.0 = Release|Any CPU
		{E799A22E-57CE-4877-8573-D0CBB2C45546}.Debug|Any CPU.ActiveCfg = Debug|Any CPU
		{E799A22E-57CE-4877-8573-D0CBB2C45546}.Debug|Any CPU.Build.0 = Debug|Any CPU
		{E799A22E-57CE-4877-8573-D0CBB2C45546}.Release|Any CPU.ActiveCfg = Release|Any CPU
		{E799A22E-57CE-4877-8573-D0CBB2C45546}.Release|Any CPU.Build.0 = Release|Any CPU
		{722B77D9-2F03-4F6D-A59A-85008B42F42F}.Debug|Any CPU.ActiveCfg = Debug|Any CPU
		{722B77D9-2F03-4F6D-A59A-85008B42F42F}.Debug|Any CPU.Build.0 = Debug|Any CPU
		{722B77D9-2F03-4F6D-A59A-85008B42F42F}.Release|Any CPU.ActiveCfg = Release|Any CPU
		{722B77D9-2F03-4F6D-A59A-85008B42F42F}.Release|Any CPU.Build.0 = Release|Any CPU
		{2CD184C9-85EE-4BA6-BF93-D02A29C73E9D}.Debug|Any CPU.ActiveCfg = Debug|Any CPU
		{2CD184C9-85EE-4BA6-BF93-D02A29C73E9D}.Debug|Any CPU.Build.0 = Debug|Any CPU
		{2CD184C9-85EE-4BA6-BF93-D02A29C73E9D}.Release|Any CPU.ActiveCfg = Release|Any CPU
		{2CD184C9-85EE-4BA6-BF93-D02A29C73E9D}.Release|Any CPU.Build.0 = Release|Any CPU
	EndGlobalSection
	GlobalSection(SolutionProperties) = preSolution
		HideSolutionNode = FALSE
	EndGlobalSection
EndGlobal
